<?xml version="1.0" encoding="utf-8"?>
<Project ToolsVersion="4.0" xmlns="http://schemas.microsoft.com/developer/msbuild/2003">
  <ItemGroup>
    <Filter Include="Source Files">
      <UniqueIdentifier>{4FC737F1-C7A5-4376-A066-2A32D752A2FF}</UniqueIdentifier>
      <Extensions>cpp;c;cc;cxx;c++;cppm;ixx;def;odl;idl;hpj;bat;asm;asmx</Extensions>
    </Filter>
    <Filter Include="Header Files">
      <UniqueIdentifier>{93995380-89BD-4b04-88EB-625FBE52EBFB}</UniqueIdentifier>
      <Extensions>h;hh;hpp;hxx;h++;hm;inl;inc;ipp;xsd</Extensions>
    </Filter>
    <Filter Include="Resource Files">
      <UniqueIdentifier>{67DA6AB6-F800-4c08-8B7A-83BB121AAD01}</UniqueIdentifier>
      <Extensions>rc;ico;cur;bmp;dlg;rc2;rct;bin;rgs;gif;jpg;jpeg;jpe;resx;tiff;tif;png;wav;mfcribbon-ms</Extensions>
    </Filter>
  </ItemGroup>
  <ItemGroup>
    <ClCompile Include="src\main.cpp">
      <Filter>Source Files</Filter>
    </ClCompile>
    <ClCompile Include="src\sdk\tf2\bitbuf.cpp">
      <Filter>Source Files</Filter>
    </ClCompile>
    <ClCompile Include="src\utility\hookmanager\hookmanager.cpp">
      <Filter>Source Files</Filter>
    </ClCompile>
    <ClCompile Include="src\utility\signaturemanager\signaturemanager.cpp">
      <Filter>Source Files</Filter>
    </ClCompile>
    <ClCompile Include="src\utility\memory\memory.cpp">
      <Filter>Source Files</Filter>
    </ClCompile>
    <ClCompile Include="src\sdk\tf2\keyvalues.cpp">
      <Filter>Source Files</Filter>
    </ClCompile>
    <ClCompile Include="src\sdk\tf2\MD5.cpp">
      <Filter>Source Files</Filter>
    </ClCompile>
    <ClCompile Include="src\sdk\tf2\netmessages.cpp">
      <Filter>Source Files</Filter>
    </ClCompile>
    <ClCompile Include="src\sdk\tf2\netvars\netvars.cpp">
      <Filter>Source Files</Filter>
    </ClCompile>
    <ClCompile Include="src\utility\interfacemanager\interfacemanager.cpp">
      <Filter>Source Files</Filter>
    </ClCompile>
    <ClCompile Include="src\utility\color\color.cpp">
      <Filter>Source Files</Filter>
    </ClCompile>
    <ClCompile Include="include\MinHook\hde\hde32.c">
      <Filter>Source Files</Filter>
    </ClCompile>
    <ClCompile Include="include\MinHook\hde\hde64.c">
      <Filter>Source Files</Filter>
    </ClCompile>
    <ClCompile Include="include\MinHook\buffer.c">
      <Filter>Source Files</Filter>
    </ClCompile>
    <ClCompile Include="include\MinHook\hook.c">
      <Filter>Source Files</Filter>
    </ClCompile>
    <ClCompile Include="include\MinHook\trampoline.c">
      <Filter>Source Files</Filter>
    </ClCompile>
    <ClCompile Include="src\core\hooks\clientmodeshared_createmove.cpp">
      <Filter>Source Files</Filter>
    </ClCompile>
    <ClCompile Include="src\core\core.cpp">
      <Filter>Source Files</Filter>
    </ClCompile>
    <ClCompile Include="src\core\features\entities\entities.cpp">
      <Filter>Source Files</Filter>
    </ClCompile>
    <ClCompile Include="src\core\features\engineprediction\engineprediction.cpp">
      <Filter>Source Files</Filter>
    </ClCompile>
    <ClCompile Include="src\core\hooks\ibaseclientdll_framestagenotify.cpp">
      <Filter>Source Files</Filter>
    </ClCompile>
  </ItemGroup>
  <ItemGroup>
    <ClInclude Include="src\sdk\tf2\activity.h">
      <Filter>Header Files</Filter>
    </ClInclude>
    <ClInclude Include="src\sdk\tf2\analogcode.h">
      <Filter>Header Files</Filter>
    </ClInclude>
    <ClInclude Include="src\sdk\tf2\inputenums.h">
      <Filter>Header Files</Filter>
    </ClInclude>
    <ClInclude Include="src\sdk\tf2\basehandle.h">
      <Filter>Header Files</Filter>
    </ClInclude>
    <ClInclude Include="src\sdk\tf2\const.h">
      <Filter>Header Files</Filter>
    </ClInclude>
    <ClInclude Include="src\sdk\tf2\basetypes.h">
      <Filter>Header Files</Filter>
    </ClInclude>
    <ClInclude Include="src\sdk\tf2\commonmacros.h">
      <Filter>Header Files</Filter>
    </ClInclude>
    <ClInclude Include="src\sdk\tf2\ihandleentity.h">
      <Filter>Header Files</Filter>
    </ClInclude>
    <ClInclude Include="src\sdk\tf2\bitbuf.h">
      <Filter>Header Files</Filter>
    </ClInclude>
    <ClInclude Include="src\utility\vector\vector.h">
      <Filter>Header Files</Filter>
    </ClInclude>
    <ClInclude Include="src\sdk\tf2\bspflags.h">
      <Filter>Header Files</Filter>
    </ClInclude>
    <ClInclude Include="src\sdk\tf2\buttoncode.h">
      <Filter>Header Files</Filter>
    </ClInclude>
    <ClInclude Include="src\utility\hookmanager\hookmanager.h">
      <Filter>Header Files</Filter>
    </ClInclude>
    <ClInclude Include="src\utility\singleton\singleton.h">
      <Filter>Header Files</Filter>
    </ClInclude>
    <ClInclude Include="src\utility\assert\assert.h">
      <Filter>Header Files</Filter>
    </ClInclude>
    <ClInclude Include="src\utility\math\math.h">
      <Filter>Header Files</Filter>
    </ClInclude>
    <ClInclude Include="src\utility\signaturemanager\signaturemanager.h">
      <Filter>Header Files</Filter>
    </ClInclude>
    <ClInclude Include="src\utility\memory\memory.h">
      <Filter>Header Files</Filter>
    </ClInclude>
    <ClInclude Include="src\sdk\tf2\c_baseanimating.h">
      <Filter>Header Files</Filter>
    </ClInclude>
    <ClInclude Include="src\sdk\tf2\c_basecombatcharacter.h">
      <Filter>Header Files</Filter>
    </ClInclude>
    <ClInclude Include="src\sdk\tf2\c_basecombatweapon.h">
      <Filter>Header Files</Filter>
    </ClInclude>
    <ClInclude Include="src\sdk\tf2\c_baseentity.h">
      <Filter>Header Files</Filter>
    </ClInclude>
    <ClInclude Include="src\sdk\tf2\c_baseflex.h">
      <Filter>Header Files</Filter>
    </ClInclude>
    <ClInclude Include="src\sdk\tf2\c_baseobject.h">
      <Filter>Header Files</Filter>
    </ClInclude>
    <ClInclude Include="src\sdk\tf2\c_baseplayer.h">
      <Filter>Header Files</Filter>
    </ClInclude>
    <ClInclude Include="src\sdk\tf2\c_baseprojectile.h">
      <Filter>Header Files</Filter>
    </ClInclude>
    <ClInclude Include="src\sdk\tf2\c_playerresource.h">
      <Filter>Header Files</Filter>
    </ClInclude>
    <ClInclude Include="src\sdk\tf2\c_tf_player.h">
      <Filter>Header Files</Filter>
    </ClInclude>
    <ClInclude Include="src\sdk\tf2\c_tf_playerresource.h">
      <Filter>Header Files</Filter>
    </ClInclude>
    <ClInclude Include="src\sdk\tf2\cdll_int.h">
      <Filter>Header Files</Filter>
    </ClInclude>
    <ClInclude Include="src\sdk\tf2\checksum_crc.h">
      <Filter>Header Files</Filter>
    </ClInclude>
    <ClInclude Include="src\sdk\tf2\client.h">
      <Filter>Header Files</Filter>
    </ClInclude>
    <ClInclude Include="src\sdk\tf2\client_class.h">
      <Filter>Header Files</Filter>
    </ClInclude>
    <ClInclude Include="src\sdk\tf2\clientmode_shared.h">
      <Filter>Header Files</Filter>
    </ClInclude>
    <ClInclude Include="src\sdk\tf2\cmodel.h">
      <Filter>Header Files</Filter>
    </ClInclude>
    <ClInclude Include="src\sdk\tf2\convar.h">
      <Filter>Header Files</Filter>
    </ClInclude>
    <ClInclude Include="src\sdk\tf2\Cursor.h">
      <Filter>Header Files</Filter>
    </ClInclude>
    <ClInclude Include="src\sdk\tf2\datamap.h">
      <Filter>Header Files</Filter>
    </ClInclude>
    <ClInclude Include="src\sdk\tf2\deformations.h">
      <Filter>Header Files</Filter>
    </ClInclude>
    <ClInclude Include="src\sdk\tf2\dt_common.h">
      <Filter>Header Files</Filter>
    </ClInclude>
    <ClInclude Include="src\sdk\tf2\dt_recv.h">
      <Filter>Header Files</Filter>
    </ClInclude>
    <ClInclude Include="src\sdk\tf2\GameEventListener.h">
      <Filter>Header Files</Filter>
    </ClInclude>
    <ClInclude Include="src\sdk\tf2\gametrace.h">
      <Filter>Header Files</Filter>
    </ClInclude>
    <ClInclude Include="src\sdk\tf2\globalvars_base.h">
      <Filter>Header Files</Filter>
    </ClInclude>
    <ClInclude Include="src\sdk\tf2\IAppSystem.h">
      <Filter>Header Files</Filter>
    </ClInclude>
    <ClInclude Include="src\sdk\tf2\icliententity.h">
      <Filter>Header Files</Filter>
    </ClInclude>
    <ClInclude Include="src\sdk\tf2\icliententitylist.h">
      <Filter>Header Files</Filter>
    </ClInclude>
    <ClInclude Include="src\sdk\tf2\iclientmode.h">
      <Filter>Header Files</Filter>
    </ClInclude>
    <ClInclude Include="src\sdk\tf2\iclientnetworkable.h">
      <Filter>Header Files</Filter>
    </ClInclude>
    <ClInclude Include="src\sdk\tf2\iclientrenderable.h">
      <Filter>Header Files</Filter>
    </ClInclude>
    <ClInclude Include="src\sdk\tf2\iclientthinkable.h">
      <Filter>Header Files</Filter>
    </ClInclude>
    <ClInclude Include="src\sdk\tf2\iclientunknown.h">
      <Filter>Header Files</Filter>
    </ClInclude>
    <ClInclude Include="src\sdk\tf2\IColorCorrection.h">
      <Filter>Header Files</Filter>
    </ClInclude>
    <ClInclude Include="src\sdk\tf2\iconvar.h">
      <Filter>Header Files</Filter>
    </ClInclude>
    <ClInclude Include="src\sdk\tf2\icvar.h">
      <Filter>Header Files</Filter>
    </ClInclude>
    <ClInclude Include="src\sdk\tf2\IEngineTrace.h">
      <Filter>Header Files</Filter>
    </ClInclude>
    <ClInclude Include="src\sdk\tf2\ienginevgui.h">
      <Filter>Header Files</Filter>
    </ClInclude>
    <ClInclude Include="src\sdk\tf2\igameevents.h">
      <Filter>Header Files</Filter>
    </ClInclude>
    <ClInclude Include="src\sdk\tf2\igamemovement.h">
      <Filter>Header Files</Filter>
    </ClInclude>
    <ClInclude Include="src\sdk\tf2\igameresources.h">
      <Filter>Header Files</Filter>
    </ClInclude>
    <ClInclude Include="src\sdk\tf2\IHTML.h">
      <Filter>Header Files</Filter>
    </ClInclude>
    <ClInclude Include="src\sdk\tf2\IImage.h">
      <Filter>Header Files</Filter>
    </ClInclude>
    <ClInclude Include="src\sdk\tf2\iinput.h">
      <Filter>Header Files</Filter>
    </ClInclude>
    <ClInclude Include="src\sdk\tf2\iinputsystem.h">
      <Filter>Header Files</Filter>
    </ClInclude>
    <ClInclude Include="src\sdk\tf2\imageformat.h">
      <Filter>Header Files</Filter>
    </ClInclude>
    <ClInclude Include="src\sdk\tf2\imaterial.h">
      <Filter>Header Files</Filter>
    </ClInclude>
    <ClInclude Include="src\sdk\tf2\imaterialsystem.h">
      <Filter>Header Files</Filter>
    </ClInclude>
    <ClInclude Include="src\sdk\tf2\imaterialsystemhardwareconfig.h">
      <Filter>Header Files</Filter>
    </ClInclude>
    <ClInclude Include="src\sdk\tf2\imaterialvar.h">
      <Filter>Header Files</Filter>
    </ClInclude>
    <ClInclude Include="src\sdk\tf2\IMatSystemSurface.h">
      <Filter>Header Files</Filter>
    </ClInclude>
    <ClInclude Include="src\sdk\tf2\imdlcache.h">
      <Filter>Header Files</Filter>
    </ClInclude>
    <ClInclude Include="src\sdk\tf2\imovehelper.h">
      <Filter>Header Files</Filter>
    </ClInclude>
    <ClInclude Include="src\sdk\tf2\inetchannel.h">
      <Filter>Header Files</Filter>
    </ClInclude>
    <ClInclude Include="src\sdk\tf2\inetchannelinfo.h">
      <Filter>Header Files</Filter>
    </ClInclude>
    <ClInclude Include="src\sdk\tf2\inetmessage.h">
      <Filter>Header Files</Filter>
    </ClInclude>
    <ClInclude Include="src\sdk\tf2\inetworkmessage.h">
      <Filter>Header Files</Filter>
    </ClInclude>
    <ClInclude Include="src\sdk\tf2\inetworksystem.h">
      <Filter>Header Files</Filter>
    </ClInclude>
    <ClInclude Include="src\sdk\tf2\interface.h">
      <Filter>Header Files</Filter>
    </ClInclude>
    <ClInclude Include="src\sdk\tf2\iprediction.h">
      <Filter>Header Files</Filter>
    </ClInclude>
    <ClInclude Include="src\sdk\tf2\ispatialpartition.h">
      <Filter>Header Files</Filter>
    </ClInclude>
    <ClInclude Include="src\sdk\tf2\isteamcontroller.h">
      <Filter>Header Files</Filter>
    </ClInclude>
    <ClInclude Include="src\sdk\tf2\istudiorender.h">
      <Filter>Header Files</Filter>
    </ClInclude>
    <ClInclude Include="src\sdk\tf2\ISurface.h">
      <Filter>Header Files</Filter>
    </ClInclude>
    <ClInclude Include="src\sdk\tf2\itexture.h">
      <Filter>Header Files</Filter>
    </ClInclude>
    <ClInclude Include="src\sdk\tf2\itoolentity.h">
      <Filter>Header Files</Filter>
    </ClInclude>
    <ClInclude Include="src\sdk\tf2\ivdebugoverlay.h">
      <Filter>Header Files</Filter>
    </ClInclude>
    <ClInclude Include="src\sdk\tf2\IVguiMatInfo.h">
      <Filter>Header Files</Filter>
    </ClInclude>
    <ClInclude Include="src\sdk\tf2\IVguiMatInfoVar.h">
      <Filter>Header Files</Filter>
    </ClInclude>
    <ClInclude Include="src\sdk\tf2\iviewrender.h">
      <Filter>Header Files</Filter>
    </ClInclude>
    <ClInclude Include="src\sdk\tf2\iviewrender_beams.h">
      <Filter>Header Files</Filter>
    </ClInclude>
    <ClInclude Include="src\sdk\tf2\ivmodelinfo.h">
      <Filter>Header Files</Filter>
    </ClInclude>
    <ClInclude Include="src\sdk\tf2\ivmodelrender.h">
      <Filter>Header Files</Filter>
    </ClInclude>
    <ClInclude Include="src\sdk\tf2\ivrenderview.h">
      <Filter>Header Files</Filter>
    </ClInclude>
    <ClInclude Include="src\sdk\tf2\KeyCode.h">
      <Filter>Header Files</Filter>
    </ClInclude>
    <ClInclude Include="src\sdk\tf2\keyvalues.h">
      <Filter>Header Files</Filter>
    </ClInclude>
    <ClInclude Include="src\sdk\tf2\lightdesc.h">
      <Filter>Header Files</Filter>
    </ClInclude>
    <ClInclude Include="src\sdk\tf2\localflexcontroller.h">
      <Filter>Header Files</Filter>
    </ClInclude>
    <ClInclude Include="src\sdk\tf2\MD5.h">
      <Filter>Header Files</Filter>
    </ClInclude>
    <ClInclude Include="src\sdk\tf2\modes.h">
      <Filter>Header Files</Filter>
    </ClInclude>
    <ClInclude Include="src\sdk\tf2\MouseCode.h">
      <Filter>Header Files</Filter>
    </ClInclude>
    <ClInclude Include="src\sdk\tf2\multiplayer_animstate.h">
      <Filter>Header Files</Filter>
    </ClInclude>
    <ClInclude Include="src\sdk\tf2\netadr.h">
      <Filter>Header Files</Filter>
    </ClInclude>
    <ClInclude Include="src\sdk\tf2\netchannel.h">
      <Filter>Header Files</Filter>
    </ClInclude>
    <ClInclude Include="src\sdk\tf2\netmessages.h">
      <Filter>Header Files</Filter>
    </ClInclude>
    <ClInclude Include="src\sdk\tf2\prediction.h">
      <Filter>Header Files</Filter>
    </ClInclude>
    <ClInclude Include="src\sdk\tf2\random.h">
      <Filter>Header Files</Filter>
    </ClInclude>
    <ClInclude Include="src\sdk\tf2\refcount.h">
      <Filter>Header Files</Filter>
    </ClInclude>
    <ClInclude Include="src\sdk\tf2\renderutils.h">
      <Filter>Header Files</Filter>
    </ClInclude>
    <ClInclude Include="src\sdk\tf2\shareddefs.h">
      <Filter>Header Files</Filter>
    </ClInclude>
    <ClInclude Include="src\sdk\tf2\string_t.h">
      <Filter>Header Files</Filter>
    </ClInclude>
    <ClInclude Include="src\sdk\tf2\studio.h">
      <Filter>Header Files</Filter>
    </ClInclude>
    <ClInclude Include="src\sdk\tf2\texture_group_names.h">
      <Filter>Header Files</Filter>
    </ClInclude>
    <ClInclude Include="src\sdk\tf2\tf_shareddefs.h">
      <Filter>Header Files</Filter>
    </ClInclude>
    <ClInclude Include="src\sdk\tf2\tf_weaponbase.h">
      <Filter>Header Files</Filter>
    </ClInclude>
    <ClInclude Include="src\sdk\tf2\trace.h">
      <Filter>Header Files</Filter>
    </ClInclude>
    <ClInclude Include="src\sdk\tf2\usercmd.h">
      <Filter>Header Files</Filter>
    </ClInclude>
    <ClInclude Include="src\sdk\tf2\utlvector.h">
      <Filter>Header Files</Filter>
    </ClInclude>
    <ClInclude Include="src\sdk\tf2\vcollide.h">
      <Filter>Header Files</Filter>
    </ClInclude>
    <ClInclude Include="src\sdk\tf2\VGUI.h">
      <Filter>Header Files</Filter>
    </ClInclude>
    <ClInclude Include="src\sdk\tf2\view_shared.h">
      <Filter>Header Files</Filter>
    </ClInclude>
    <ClInclude Include="src\sdk\tf2\vphysics.h">
      <Filter>Header Files</Filter>
    </ClInclude>
    <ClInclude Include="src\sdk\tf2\vplane.h">
      <Filter>Header Files</Filter>
    </ClInclude>
    <ClInclude Include="src\sdk\tf2\vtf.h">
      <Filter>Header Files</Filter>
    </ClInclude>
    <ClInclude Include="src\sdk\tf2\netvars\netvars.h">
      <Filter>Header Files</Filter>
    </ClInclude>
    <ClInclude Include="src\utility\hash\hash.h">
      <Filter>Header Files</Filter>
    </ClInclude>
    <ClInclude Include="src\utility\utility.h">
      <Filter>Header Files</Filter>
    </ClInclude>
    <ClInclude Include="src\utility\interfacemanager\interfacemanager.h">
      <Filter>Header Files</Filter>
    </ClInclude>
    <ClInclude Include="src\utility\color\color.h">
      <Filter>Header Files</Filter>
    </ClInclude>
    <ClInclude Include="include\MinHook\hde\hde32.h">
      <Filter>Header Files</Filter>
    </ClInclude>
    <ClInclude Include="include\MinHook\hde\hde64.h">
      <Filter>Header Files</Filter>
    </ClInclude>
    <ClInclude Include="include\MinHook\hde\pstdint.h">
      <Filter>Header Files</Filter>
    </ClInclude>
    <ClInclude Include="include\MinHook\hde\table32.h">
      <Filter>Header Files</Filter>
    </ClInclude>
    <ClInclude Include="include\MinHook\hde\table64.h">
      <Filter>Header Files</Filter>
    </ClInclude>
    <ClInclude Include="include\MinHook\buffer.h">
      <Filter>Header Files</Filter>
    </ClInclude>
    <ClInclude Include="include\MinHook\MinHook.h">
      <Filter>Header Files</Filter>
    </ClInclude>
    <ClInclude Include="include\MinHook\trampoline.h">
      <Filter>Header Files</Filter>
    </ClInclude>
    <ClInclude Include="src\sdk\sdk.h">
      <Filter>Header Files</Filter>
    </ClInclude>
    <ClInclude Include="src\core\core.h">
      <Filter>Header Files</Filter>
    </ClInclude>
    <ClInclude Include="src\core\features\entities\entities.h">
      <Filter>Header Files</Filter>
    </ClInclude>
    <ClInclude Include="src\core\features\engineprediction\engineprediction.h">
      <Filter>Header Files</Filter>
    </ClInclude>
  </ItemGroup>
</Project>